{
  "name": "stackoverflow",
  "requires": true,
  "lockfileVersion": 1,
  "dependencies": {
    "markdown-it-underline": {
      "version": "1.0.1",
      "resolved": "https://registry.npmjs.org/markdown-it-underline/-/markdown-it-underline-1.0.1.tgz",
      "integrity": "sha1-Q6VKVB2V1zm0MVdwHx2jBtfDALI="
    }
  }
}
